# This file is automatically @generated by Cargo.
# It is not intended for manual editing.
[[package]]
name = "smap"
version = "0.1.1"
source = "registry+https://github.com/rust-lang/crates.io-index"
checksum = "620e2ce6b7e183ef68b28a99b8db71d74317287a024e697cfdc2d797312061b3"

[[package]]
name = "smap1"
version = "0.1.0"
dependencies = [
 "smap",
]
